// !$*UTF8*$!
{
	archiveVersion = 1;
	classes = {
	};
	objectVersion = 51;
	objects = {

/* Begin PBXBuildFile section */
		A388CF7622EE866800B93DC7 /* AppDelegate.swift in Sources */ = {isa = PBXBuildFile; fileRef = A388CF7522EE866800B93DC7 /* AppDelegate.swift */; };
		A388CF7822EE866800B93DC7 /* SceneDelegate.swift in Sources */ = {isa = PBXBuildFile; fileRef = A388CF7722EE866800B93DC7 /* SceneDelegate.swift */; };
		A388CF7F22EE866A00B93DC7 /* Assets.xcassets in Resources */ = {isa = PBXBuildFile; fileRef = A388CF7E22EE866A00B93DC7 /* Assets.xcassets */; };
		A388CF8222EE866A00B93DC7 /* LaunchScreen.storyboard in Resources */ = {isa = PBXBuildFile; fileRef = A388CF8022EE866A00B93DC7 /* LaunchScreen.storyboard */; };
		A388CF8C22EE883200B93DC7 /* ContainerViewController.swift in Sources */ = {isa = PBXBuildFile; fileRef = A388CF8A22EE883200B93DC7 /* ContainerViewController.swift */; };
		A388CF8D22EE883200B93DC7 /* ContainerViewController.xib in Resources */ = {isa = PBXBuildFile; fileRef = A388CF8B22EE883200B93DC7 /* ContainerViewController.xib */; };
		A388CF9522EE9D3500B93DC7 /* WindowsContainerViewController.xib in Resources */ = {isa = PBXBuildFile; fileRef = A388CF9322EE9D3500B93DC7 /* WindowsContainerViewController.xib */; };
		A388CFA522EEBF8500B93DC7 /* SafeAreaAdjustNavigationViewController.xib in Resources */ = {isa = PBXBuildFile; fileRef = A388CFA322EEBF8500B93DC7 /* SafeAreaAdjustNavigationViewController.xib */; };
		C67C04A2E8BAAD75246A3727 /* Pods_iOSWindow.framework in Frameworks */ = {isa = PBXBuildFile; fileRef = 0A9E9129BB86FE9095DF92DD /* Pods_iOSWindow.framework */; };
/* End PBXBuildFile section */

/* Begin PBXCopyFilesBuildPhase section */
		A3471E61232E03FB000E7AE6 /* Embed Frameworks */ = {
			isa = PBXCopyFilesBuildPhase;
			buildActionMask = 2147483647;
			dstPath = "";
			dstSubfolderSpec = 10;
			files = (
			);
			name = "Embed Frameworks";
			runOnlyForDeploymentPostprocessing = 0;
		};
/* End PBXCopyFilesBuildPhase section */

/* Begin PBXFileReference section */
		0A9E9129BB86FE9095DF92DD /* Pods_iOSWindow.framework */ = {isa = PBXFileReference; explicitFileType = wrapper.framework; includeInIndex = 0; path = Pods_iOSWindow.framework; sourceTree = BUILT_PRODUCTS_DIR; };
		7671E4AEA164B4923B01D746 /* Pods-iOSWindow.debug.xcconfig */ = {isa = PBXFileReference; includeInIndex = 1; lastKnownFileType = text.xcconfig; name = "Pods-iOSWindow.debug.xcconfig"; path = "Target Support Files/Pods-iOSWindow/Pods-iOSWindow.debug.xcconfig"; sourceTree = "<group>"; };
		A388CF7222EE866800B93DC7 /* iOSWindow.app */ = {isa = PBXFileReference; explicitFileType = wrapper.application; includeInIndex = 0; path = iOSWindow.app; sourceTree = BUILT_PRODUCTS_DIR; };
		A388CF7522EE866800B93DC7 /* AppDelegate.swift */ = {isa = PBXFileReference; lastKnownFileType = sourcecode.swift; path = AppDelegate.swift; sourceTree = "<group>"; };
		A388CF7722EE866800B93DC7 /* SceneDelegate.swift */ = {isa = PBXFileReference; lastKnownFileType = sourcecode.swift; path = SceneDelegate.swift; sourceTree = "<group>"; };
		A388CF7E22EE866A00B93DC7 /* Assets.xcassets */ = {isa = PBXFileReference; lastKnownFileType = folder.assetcatalog; path = Assets.xcassets; sourceTree = "<group>"; };
		A388CF8122EE866A00B93DC7 /* Base */ = {isa = PBXFileReference; lastKnownFileType = file.storyboard; name = Base; path = Base.lproj/LaunchScreen.storyboard; sourceTree = "<group>"; };
		A388CF8322EE866A00B93DC7 /* Info.plist */ = {isa = PBXFileReference; lastKnownFileType = text.plist.xml; path = Info.plist; sourceTree = "<group>"; };
		A388CF8922EE867A00B93DC7 /* iOSWindow.entitlements */ = {isa = PBXFileReference; lastKnownFileType = text.plist.entitlements; path = iOSWindow.entitlements; sourceTree = "<group>"; };
		A388CF8A22EE883200B93DC7 /* ContainerViewController.swift */ = {isa = PBXFileReference; lastKnownFileType = sourcecode.swift; path = ContainerViewController.swift; sourceTree = "<group>"; };
		A388CF8B22EE883200B93DC7 /* ContainerViewController.xib */ = {isa = PBXFileReference; lastKnownFileType = file.xib; path = ContainerViewController.xib; sourceTree = "<group>"; };
		A388CF9322EE9D3500B93DC7 /* WindowsContainerViewController.xib */ = {isa = PBXFileReference; lastKnownFileType = file.xib; path = WindowsContainerViewController.xib; sourceTree = "<group>"; };
		A388CFA322EEBF8500B93DC7 /* SafeAreaAdjustNavigationViewController.xib */ = {isa = PBXFileReference; lastKnownFileType = file.xib; path = SafeAreaAdjustNavigationViewController.xib; sourceTree = "<group>"; };
		B05E641B9A2EC8EA61094B5A /* Pods-iOSWindow.release.xcconfig */ = {isa = PBXFileReference; includeInIndex = 1; lastKnownFileType = text.xcconfig; name = "Pods-iOSWindow.release.xcconfig"; path = "Target Support Files/Pods-iOSWindow/Pods-iOSWindow.release.xcconfig"; sourceTree = "<group>"; };
/* End PBXFileReference section */

/* Begin PBXFrameworksBuildPhase section */
		A388CF6F22EE866800B93DC7 /* Frameworks */ = {
			isa = PBXFrameworksBuildPhase;
			buildActionMask = 2147483647;
			files = (
				C67C04A2E8BAAD75246A3727 /* Pods_iOSWindow.framework in Frameworks */,
			);
			runOnlyForDeploymentPostprocessing = 0;
		};
/* End PBXFrameworksBuildPhase section */

/* Begin PBXGroup section */
		84BB04B3FCA7C83506BDE575 /* Pods */ = {
			isa = PBXGroup;
			children = (
				7671E4AEA164B4923B01D746 /* Pods-iOSWindow.debug.xcconfig */,
				B05E641B9A2EC8EA61094B5A /* Pods-iOSWindow.release.xcconfig */,
			);
			path = Pods;
			sourceTree = "<group>";
		};
		A388CF6922EE866800B93DC7 = {
			isa = PBXGroup;
			children = (
				A388CF7422EE866800B93DC7 /* iOSWindow */,
				A388CF7322EE866800B93DC7 /* Products */,
				84BB04B3FCA7C83506BDE575 /* Pods */,
				E7C9831D387539C70A67824E /* Frameworks */,
			);
			sourceTree = "<group>";
		};
		A388CF7322EE866800B93DC7 /* Products */ = {
			isa = PBXGroup;
			children = (
				A388CF7222EE866800B93DC7 /* iOSWindow.app */,
			);
			name = Products;
			sourceTree = "<group>";
		};
		A388CF7422EE866800B93DC7 /* iOSWindow */ = {
			isa = PBXGroup;
			children = (
				A388CF8922EE867A00B93DC7 /* iOSWindow.entitlements */,
				A388CF7522EE866800B93DC7 /* AppDelegate.swift */,
				A388CF7722EE866800B93DC7 /* SceneDelegate.swift */,
				A388CF7E22EE866A00B93DC7 /* Assets.xcassets */,
				A388CF8022EE866A00B93DC7 /* LaunchScreen.storyboard */,
				A388CF8322EE866A00B93DC7 /* Info.plist */,
				A388CF8A22EE883200B93DC7 /* ContainerViewController.swift */,
				A388CF8B22EE883200B93DC7 /* ContainerViewController.xib */,
				A388CF9322EE9D3500B93DC7 /* WindowsContainerViewController.xib */,
				A388CFA322EEBF8500B93DC7 /* SafeAreaAdjustNavigationViewController.xib */,
			);
			path = iOSWindow;
			sourceTree = "<group>";
		};
		E7C9831D387539C70A67824E /* Frameworks */ = {
			isa = PBXGroup;
			children = (
				0A9E9129BB86FE9095DF92DD /* Pods_iOSWindow.framework */,
			);
			name = Frameworks;
			sourceTree = "<group>";
		};
/* End PBXGroup section */

/* Begin PBXNativeTarget section */
		A388CF7122EE866800B93DC7 /* iOSWindow */ = {
			isa = PBXNativeTarget;
			buildConfigurationList = A388CF8622EE866A00B93DC7 /* Build configuration list for PBXNativeTarget "iOSWindow" */;
			buildPhases = (
				B3901436C758A8DB5A6691C4 /* [CP] Check Pods Manifest.lock */,
				A388CF6E22EE866800B93DC7 /* Sources */,
				A388CF6F22EE866800B93DC7 /* Frameworks */,
				A388CF7022EE866800B93DC7 /* Resources */,
				CA35F1A9B03C18ED0A572C2F /* [CP] Embed Pods Frameworks */,
				A3471E61232E03FB000E7AE6 /* Embed Frameworks */,
			);
			buildRules = (
			);
			dependencies = (
			);
			name = iOSWindow;
			productName = iOSWindow;
			productReference = A388CF7222EE866800B93DC7 /* iOSWindow.app */;
			productType = "com.apple.product-type.application";
		};
/* End PBXNativeTarget section */

/* Begin PBXProject section */
		A388CF6A22EE866800B93DC7 /* Project object */ = {
			isa = PBXProject;
			attributes = {
				LastSwiftUpdateCheck = 1100;
				LastUpgradeCheck = 1100;
				ORGANIZATIONNAME = Luke;
				TargetAttributes = {
					A388CF7122EE866800B93DC7 = {
						CreatedOnToolsVersion = 11.0;
					};
				};
			};
			buildConfigurationList = A388CF6D22EE866800B93DC7 /* Build configuration list for PBXProject "iOSWindow" */;
			compatibilityVersion = "Xcode 9.3";
			developmentRegion = en;
			hasScannedForEncodings = 0;
			knownRegions = (
				en,
				Base,
			);
			mainGroup = A388CF6922EE866800B93DC7;
			productRefGroup = A388CF7322EE866800B93DC7 /* Products */;
			projectDirPath = "";
			projectRoot = "";
			targets = (
				A388CF7122EE866800B93DC7 /* iOSWindow */,
			);
		};
/* End PBXProject section */

/* Begin PBXResourcesBuildPhase section */
		A388CF7022EE866800B93DC7 /* Resources */ = {
			isa = PBXResourcesBuildPhase;
			buildActionMask = 2147483647;
			files = (
				A388CF9522EE9D3500B93DC7 /* WindowsContainerViewController.xib in Resources */,
				A388CF8222EE866A00B93DC7 /* LaunchScreen.storyboard in Resources */,
				A388CF7F22EE866A00B93DC7 /* Assets.xcassets in Resources */,
				A388CF8D22EE883200B93DC7 /* ContainerViewController.xib in Resources */,
				A388CFA522EEBF8500B93DC7 /* SafeAreaAdjustNavigationViewController.xib in Resources */,
			);
			runOnlyForDeploymentPostprocessing = 0;
		};
/* End PBXResourcesBuildPhase section */

/* Begin PBXShellScriptBuildPhase section */
		B3901436C758A8DB5A6691C4 /* [CP] Check Pods Manifest.lock */ = {
			isa = PBXShellScriptBuildPhase;
			buildActionMask = 2147483647;
			files = (
			);
			inputFileListPaths = (
			);
			inputPaths = (
				"${PODS_PODFILE_DIR_PATH}/Podfile.lock",
				"${PODS_ROOT}/Manifest.lock",
			);
			name = "[CP] Check Pods Manifest.lock";
			outputFileListPaths = (
			);
			outputPaths = (
				"$(DERIVED_FILE_DIR)/Pods-iOSWindow-checkManifestLockResult.txt",
			);
			runOnlyForDeploymentPostprocessing = 0;
			shellPath = /bin/sh;
			shellScript = "diff \"${PODS_PODFILE_DIR_PATH}/Podfile.lock\" \"${PODS_ROOT}/Manifest.lock\" > /dev/null\nif [ $? != 0 ] ; then\n    # print error to STDERR\n    echo \"error: The sandbox is not in sync with the Podfile.lock. Run 'pod install' or update your CocoaPods installation.\" >&2\n    exit 1\nfi\n# This output is used by Xcode 'outputs' to avoid re-running this script phase.\necho \"SUCCESS\" > \"${SCRIPT_OUTPUT_FILE_0}\"\n";
			showEnvVarsInLog = 0;
		};
		CA35F1A9B03C18ED0A572C2F /* [CP] Embed Pods Frameworks */ = {
			isa = PBXShellScriptBuildPhase;
			buildActionMask = 2147483647;
			files = (
			);
			inputFileListPaths = (
				"${PODS_ROOT}/Target Support Files/Pods-iOSWindow/Pods-iOSWindow-frameworks-${CONFIGURATION}-input-files.xcfilelist",
			);
			name = "[CP] Embed Pods Frameworks";
			outputFileListPaths = (
				"${PODS_ROOT}/Target Support Files/Pods-iOSWindow/Pods-iOSWindow-frameworks-${CONFIGURATION}-output-files.xcfilelist",
			);
			runOnlyForDeploymentPostprocessing = 0;
			shellPath = /bin/sh;
			shellScript = "\"${PODS_ROOT}/Target Support Files/Pods-iOSWindow/Pods-iOSWindow-frameworks.sh\"\n";
			showEnvVarsInLog = 0;
		};
/* End PBXShellScriptBuildPhase section */

/* Begin PBXSourcesBuildPhase section */
		A388CF6E22EE866800B93DC7 /* Sources */ = {
			isa = PBXSourcesBuildPhase;
			buildActionMask = 2147483647;
			files = (
				A388CF7622EE866800B93DC7 /* AppDelegate.swift in Sources */,
				A388CF8C22EE883200B93DC7 /* ContainerViewController.swift in Sources */,
				A388CF7822EE866800B93DC7 /* SceneDelegate.swift in Sources */,
			);
			runOnlyForDeploymentPostprocessing = 0;
		};
/* End PBXSourcesBuildPhase section */

/* Begin PBXVariantGroup section */
		A388CF8022EE866A00B93DC7 /* LaunchScreen.storyboard */ = {
			isa = PBXVariantGroup;
			children = (
				A388CF8122EE866A00B93DC7 /* Base */,
			);
			name = LaunchScreen.storyboard;
			sourceTree = "<group>";
		};
/* End PBXVariantGroup section */

/* Begin XCBuildConfiguration section */
		A388CF8422EE866A00B93DC7 /* Debug */ = {
			isa = XCBuildConfiguration;
			buildSettings = {
				ALWAYS_SEARCH_USER_PATHS = NO;
				CLANG_ANALYZER_NONNULL = YES;
				CLANG_ANALYZER_NUMBER_OBJECT_CONVERSION = YES_AGGRESSIVE;
				CLANG_CXX_LANGUAGE_STANDARD = "gnu++14";
				CLANG_CXX_LIBRARY = "libc++";
				CLANG_ENABLE_MODULES = YES;
				CLANG_ENABLE_OBJC_ARC = YES;
				CLANG_ENABLE_OBJC_WEAK = YES;
				CLANG_WARN_BLOCK_CAPTURE_AUTORELEASING = YES;
				CLANG_WARN_BOOL_CONVERSION = YES;
				CLANG_WARN_COMMA = YES;
				CLANG_WARN_CONSTANT_CONVERSION = YES;
				CLANG_WARN_DEPRECATED_OBJC_IMPLEMENTATIONS = YES;
				CLANG_WARN_DIRECT_OBJC_ISA_USAGE = YES_ERROR;
				CLANG_WARN_DOCUMENTATION_COMMENTS = YES;
				CLANG_WARN_EMPTY_BODY = YES;
				CLANG_WARN_ENUM_CONVERSION = YES;
				CLANG_WARN_INFINITE_RECURSION = YES;
				CLANG_WARN_INT_CONVERSION = YES;
				CLANG_WARN_NON_LITERAL_NULL_CONVERSION = YES;
				CLANG_WARN_OBJC_IMPLICIT_RETAIN_SELF = YES;
				CLANG_WARN_OBJC_LITERAL_CONVERSION = YES;
				CLANG_WARN_OBJC_ROOT_CLASS = YES_ERROR;
				CLANG_WARN_RANGE_LOOP_ANALYSIS = YES;
				CLANG_WARN_STRICT_PROTOTYPES = YES;
				CLANG_WARN_SUSPICIOUS_MOVE = YES;
				CLANG_WARN_UNGUARDED_AVAILABILITY = YES_AGGRESSIVE;
				CLANG_WARN_UNREACHABLE_CODE = YES;
				CLANG_WARN__DUPLICATE_METHOD_MATCH = YES;
				COPY_PHASE_STRIP = NO;
				DEBUG_INFORMATION_FORMAT = dwarf;
				ENABLE_STRICT_OBJC_MSGSEND = YES;
				ENABLE_TESTABILITY = YES;
				GCC_C_LANGUAGE_STANDARD = gnu11;
				GCC_DYNAMIC_NO_PIC = NO;
				GCC_NO_COMMON_BLOCKS = YES;
				GCC_OPTIMIZATION_LEVEL = 0;
				GCC_PREPROCESSOR_DEFINITIONS = (
					"DEBUG=1",
					"$(inherited)",
				);
				GCC_WARN_64_TO_32_BIT_CONVERSION = YES;
				GCC_WARN_ABOUT_RETURN_TYPE = YES_ERROR;
				GCC_WARN_UNDECLARED_SELECTOR = YES;
				GCC_WARN_UNINITIALIZED_AUTOS = YES_AGGRESSIVE;
				GCC_WARN_UNUSED_FUNCTION = YES;
				GCC_WARN_UNUSED_VARIABLE = YES;
				IPHONEOS_DEPLOYMENT_TARGET = 13.0;
				MTL_ENABLE_DEBUG_INFO = INCLUDE_SOURCE;
				MTL_FAST_MATH = YES;
				ONLY_ACTIVE_ARCH = YES;
				SDKROOT = iphoneos;
				SWIFT_ACTIVE_COMPILATION_CONDITIONS = DEBUG;
				SWIFT_OPTIMIZATION_LEVEL = "-Onone";
			};
			name = Debug;
		};
		A388CF8522EE866A00B93DC7 /* Release */ = {
			isa = XCBuildConfiguration;
			buildSettings = {
				ALWAYS_SEARCH_USER_PATHS = NO;
				CLANG_ANALYZER_NONNULL = YES;
				CLANG_ANALYZER_NUMBER_OBJECT_CONVERSION = YES_AGGRESSIVE;
				CLANG_CXX_LANGUAGE_STANDARD = "gnu++14";
				CLANG_CXX_LIBRARY = "libc++";
				CLANG_ENABLE_MODULES = YES;
				CLANG_ENABLE_OBJC_ARC = YES;
				CLANG_ENABLE_OBJC_WEAK = YES;
				CLANG_WARN_BLOCK_CAPTURE_AUTORELEASING = YES;
				CLANG_WARN_BOOL_CONVERSION = YES;
				CLANG_WARN_COMMA = YES;
				CLANG_WARN_CONSTANT_CONVERSION = YES;
				CLANG_WARN_DEPRECATED_OBJC_IMPLEMENTATIONS = YES;
				CLANG_WARN_DIRECT_OBJC_ISA_USAGE = YES_ERROR;
				CLANG_WARN_DOCUMENTATION_COMMENTS = YES;
				CLANG_WARN_EMPTY_BODY = YES;
				CLANG_WARN_ENUM_CONVERSION = YES;
				CLANG_WARN_INFINITE_RECURSION = YES;
				CLANG_WARN_INT_CONVERSION = YES;
				CLANG_WARN_NON_LITERAL_NULL_CONVERSION = YES;
				CLANG_WARN_OBJC_IMPLICIT_RETAIN_SELF = YES;
				CLANG_WARN_OBJC_LITERAL_CONVERSION = YES;
				CLANG_WARN_OBJC_ROOT_CLASS = YES_ERROR;
				CLANG_WARN_RANGE_LOOP_ANALYSIS = YES;
				CLANG_WARN_STRICT_PROTOTYPES = YES;
				CLANG_WARN_SUSPICIOUS_MOVE = YES;
				CLANG_WARN_UNGUARDED_AVAILABILITY = YES_AGGRESSIVE;
				CLANG_WARN_UNREACHABLE_CODE = YES;
				CLANG_WARN__DUPLICATE_METHOD_MATCH = YES;
				COPY_PHASE_STRIP = NO;
				DEBUG_INFORMATION_FORMAT = "dwarf-with-dsym";
				ENABLE_NS_ASSERTIONS = NO;
				ENABLE_STRICT_OBJC_MSGSEND = YES;
				GCC_C_LANGUAGE_STANDARD = gnu11;
				GCC_NO_COMMON_BLOCKS = YES;
				GCC_WARN_64_TO_32_BIT_CONVERSION = YES;
				GCC_WARN_ABOUT_RETURN_TYPE = YES_ERROR;
				GCC_WARN_UNDECLARED_SELECTOR = YES;
				GCC_WARN_UNINITIALIZED_AUTOS = YES_AGGRESSIVE;
				GCC_WARN_UNUSED_FUNCTION = YES;
				GCC_WARN_UNUSED_VARIABLE = YES;
				IPHONEOS_DEPLOYMENT_TARGET = 13.0;
				MTL_ENABLE_DEBUG_INFO = NO;
				MTL_FAST_MATH = YES;
				SDKROOT = iphoneos;
				SWIFT_COMPILATION_MODE = wholemodule;
				SWIFT_OPTIMIZATION_LEVEL = "-O";
				VALIDATE_PRODUCT = YES;
			};
			name = Release;
		};
		A388CF8722EE866A00B93DC7 /* Debug */ = {
			isa = XCBuildConfiguration;
			baseConfigurationReference = 7671E4AEA164B4923B01D746 /* Pods-iOSWindow.debug.xcconfig */;
			buildSettings = {
				ASSETCATALOG_COMPILER_APPICON_NAME = AppIcon;
				CODE_SIGN_ENTITLEMENTS = iOSWindow/iOSWindow.entitlements;
				CODE_SIGN_IDENTITY = "iPhone Developer";
				CODE_SIGN_STYLE = Automatic;
				DERIVE_MACCATALYST_PRODUCT_BUNDLE_IDENTIFIER = YES;
				DEVELOPMENT_ASSET_PATHS = "";
				DEVELOPMENT_TEAM = RW646P4KDZ;
				INFOPLIST_FILE = iOSWindow/Info.plist;
				LD_RUNPATH_SEARCH_PATHS = (
					"$(inherited)",
					"@executable_path/Frameworks",
				);
				PRODUCT_BUNDLE_IDENTIFIER = ios.justchat.iOSWindow;
				PRODUCT_NAME = "$(TARGET_NAME)";
				PROVISIONING_PROFILE_SPECIFIER = "";
				SUPPORTS_MACCATALYST = YES;
				SWIFT_VERSION = 5.0;
				TARGETED_DEVICE_FAMILY = "1,2";
			};
			name = Debug;
		};
		A388CF8822EE866A00B93DC7 /* Release */ = {
			isa = XCBuildConfiguration;
			baseConfigurationReference = B05E641B9A2EC8EA61094B5A /* Pods-iOSWindow.release.xcconfig */;
			buildSettings = {
				ASSETCATALOG_COMPILER_APPICON_NAME = AppIcon;
				CODE_SIGN_ENTITLEMENTS = iOSWindow/iOSWindow.entitlements;
				CODE_SIGN_IDENTITY = "iPhone Developer";
				CODE_SIGN_STYLE = Automatic;
				DERIVE_MACCATALYST_PRODUCT_BUNDLE_IDENTIFIER = YES;
				DEVELOPMENT_ASSET_PATHS = "";
				DEVELOPMENT_TEAM = RW646P4KDZ;
				INFOPLIST_FILE = iOSWindow/Info.plist;
				LD_RUNPATH_SEARCH_PATHS = (
					"$(inherited)",
					"@executable_path/Frameworks",
				);
				PRODUCT_BUNDLE_IDENTIFIER = ios.justchat.iOSWindow;
				PRODUCT_NAME = "$(TARGET_NAME)";
				PROVISIONING_PROFILE_SPECIFIER = "";
				SUPPORTS_MACCATALYST = YES;
				SWIFT_VERSION = 5.0;
				TARGETED_DEVICE_FAMILY = "1,2";
			};
			name = Release;
		};
/* End XCBuildConfiguration section */

/* Begin XCConfigurationList section */
		A388CF6D22EE866800B93DC7 /* Build configuration list for PBXProject "iOSWindow" */ = {
			isa = XCConfigurationList;
			buildConfigurations = (
				A388CF8422EE866A00B93DC7 /* Debug */,
				A388CF8522EE866A00B93DC7 /* Release */,
			);
			defaultConfigurationIsVisible = 0;
			defaultConfigurationName = Release;
		};
		A388CF8622EE866A00B93DC7 /* Build configuration list for PBXNativeTarget "iOSWindow" */ = {
			isa = XCConfigurationList;
			buildConfigurations = (
				A388CF8722EE866A00B93DC7 /* Debug */,
				A388CF8822EE866A00B93DC7 /* Release */,
			);
			defaultConfigurationIsVisible = 0;
			defaultConfigurationName = Release;
		};
/* End XCConfigurationList section */
	};
	rootObject = A388CF6A22EE866800B93DC7 /* Project object */;
}
